<?xml version="1.0" encoding="utf-8"?>
<Project ToolsVersion="4.0" xmlns="http://schemas.microsoft.com/developer/msbuild/2003">
  <ItemGroup>
    <Filter Include="源文件">
      <UniqueIdentifier>{4FC737F1-C7A5-4376-A066-2A32D752A2FF}</UniqueIdentifier>
      <Extensions>cpp;c;cc;cxx;c++;cppm;ixx;def;odl;idl;hpj;bat;asm;asmx</Extensions>
    </Filter>
    <Filter Include="头文件">
      <UniqueIdentifier>{93995380-89BD-4b04-88EB-625FBE52EBFB}</UniqueIdentifier>
      <Extensions>h;hh;hpp;hxx;h++;hm;inl;inc;ipp;xsd</Extensions>
    </Filter>
    <Filter Include="资源文件">
      <UniqueIdentifier>{67DA6AB6-F800-4c08-8B7A-83BB121AAD01}</UniqueIdentifier>
      <Extensions>rc;ico;cur;bmp;dlg;rc2;rct;bin;rgs;gif;jpg;jpeg;jpe;resx;tiff;tif;png;wav;mfcribbon-ms</Extensions>
    </Filter>
  </ItemGroup>
  <ItemGroup>
    <ClCompile Include="Source\Main.cpp">
      <Filter>源文件</Filter>
    </ClCompile>
    <ClCompile Include="Source\Parse.cpp">
      <Filter>源文件</Filter>
    </ClCompile>
    <ClCompile Include="AST\Source\ASTBase.cpp">
      <Filter>源文件</Filter>
    </ClCompile>
    <ClCompile Include="AST\Source\ASTClass.cpp">
      <Filter>源文件</Filter>
    </ClCompile>
    <ClCompile Include="AST\Source\ASTFunction.cpp">
      <Filter>源文件</Filter>
    </ClCompile>
    <ClCompile Include="HazeLog\Source\HazeLog.cpp">
      <Filter>源文件</Filter>
    </ClCompile>
    <ClCompile Include="VM\Source\HazeStack.cpp">
      <Filter>源文件</Filter>
    </ClCompile>
    <ClCompile Include="VM\Source\HazeVM.cpp">
      <Filter>源文件</Filter>
    </ClCompile>
    <ClCompile Include="Compiler\Source\HazeCompiler.cpp">
      <Filter>源文件</Filter>
    </ClCompile>
    <ClCompile Include="Compiler\Source\HazeCompilerValue.cpp">
      <Filter>源文件</Filter>
    </ClCompile>
    <ClCompile Include="Compiler\Source\HazeCompilerModule.cpp">
      <Filter>源文件</Filter>
    </ClCompile>
    <ClCompile Include="Compiler\Source\HazeCompilerFunction.cpp">
      <Filter>源文件</Filter>
    </ClCompile>
    <ClCompile Include="Compiler\Source\HazeCompilerClass.cpp">
      <Filter>源文件</Filter>
    </ClCompile>
    <ClCompile Include="Source\Haze.cpp">
      <Filter>源文件</Filter>
    </ClCompile>
    <ClCompile Include="Compiler\Source\HazeCompilerHelper.cpp">
      <Filter>源文件</Filter>
    </ClCompile>
    <ClCompile Include="Compiler\Source\HazeBaseBlock.cpp">
      <Filter>源文件</Filter>
    </ClCompile>
    <ClCompile Include="Backend\Source\BackendParse.cpp">
      <Filter>源文件</Filter>
    </ClCompile>
    <ClCompile Include="Backend\Source\ModuleUnit.cpp">
      <Filter>源文件</Filter>
    </ClCompile>
    <ClCompile Include="Define\Source\HazeInstruction.cpp">
      <Filter>源文件</Filter>
    </ClCompile>
    <ClCompile Include="Define\Source\HazeValue.cpp">
      <Filter>源文件</Filter>
    </ClCompile>
    <ClCompile Include="AST\Source\ASTStandardLibrary.cpp">
      <Filter>源文件</Filter>
    </ClCompile>
    <ClCompile Include="StandardLibrary\Source\HazeStream.cpp">
      <Filter>源文件</Filter>
    </ClCompile>
    <ClCompile Include="StandardLibrary\Source\HazeStandardLibraryBase.cpp">
      <Filter>源文件</Filter>
    </ClCompile>
    <ClCompile Include="Memory\Source\MemoryPool.cpp">
      <Filter>源文件</Filter>
    </ClCompile>
    <ClCompile Include="Memory\Source\MemoryBucket.cpp">
      <Filter>源文件</Filter>
    </ClCompile>
    <ClCompile Include="Compiler\Source\HazeCompilerClassValue.cpp">
      <Filter>源文件</Filter>
    </ClCompile>
    <ClCompile Include="Compiler\Source\HazeCompilerPointerValue.cpp">
      <Filter>源文件</Filter>
    </ClCompile>
    <ClCompile Include="Define\Source\HazeUtility.cpp">
      <Filter>源文件</Filter>
    </ClCompile>
    <ClCompile Include="Define\Source\HazeCompare.cpp">
      <Filter>源文件</Filter>
    </ClCompile>
    <ClCompile Include="MetaData\Source\HazeClass.cpp">
      <Filter>源文件</Filter>
    </ClCompile>
    <ClCompile Include="MetaData\Source\HazeFunction.cpp">
      <Filter>源文件</Filter>
    </ClCompile>
    <ClCompile Include="MetaData\Source\HazeModule.cpp">
      <Filter>源文件</Filter>
    </ClCompile>
    <ClCompile Include="MetaData\Source\HazeVariable.cpp">
      <Filter>源文件</Filter>
    </ClCompile>
    <ClCompile Include="Compiler\Source\HazeCompilerArrayValue.cpp">
      <Filter>源文件</Filter>
    </ClCompile>
    <ClCompile Include="Compiler\Header\HazeCompilerInitListValue.cpp">
      <Filter>源文件</Filter>
    </ClCompile>
    <ClCompile Include="Compiler\Source\HazeCompilerPointerPointerValue.cpp">
      <Filter>源文件</Filter>
    </ClCompile>
    <ClCompile Include="Compiler\Source\HazeCompilerRefValue.cpp">
      <Filter>源文件</Filter>
    </ClCompile>
    <ClCompile Include="Memory\Source\MemoryFreeList.cpp">
      <Filter>源文件</Filter>
    </ClCompile>
    <ClCompile Include="Memory\Source\GarbageCollection.cpp">
      <Filter>源文件</Filter>
    </ClCompile>
    <ClCompile Include="Memory\Source\MemoryPage.cpp">
      <Filter>源文件</Filter>
    </ClCompile>
    <ClCompile Include="Memory\Source\MemoryBlock.cpp">
      <Filter>源文件</Filter>
    </ClCompile>
    <ClCompile Include="Memory\Source\HazeMemory.cpp">
      <Filter>源文件</Filter>
    </ClCompile>
    <ClCompile Include="Memory\Source\MemoryHelper.cpp">
      <Filter>源文件</Filter>
    </ClCompile>
    <ClCompile Include="Compiler\Source\HazeCompilerPointerFunction.cpp">
      <Filter>源文件</Filter>
    </ClCompile>
    <ClCompile Include="Source\HazeFilePathHelper.cpp">
      <Filter>源文件</Filter>
    </ClCompile>
  </ItemGroup>
  <ItemGroup>
    <ClInclude Include="Header\Parse.h">
      <Filter>头文件</Filter>
    </ClInclude>
    <ClInclude Include="AST\Header\ASTBase.h">
      <Filter>头文件</Filter>
    </ClInclude>
    <ClInclude Include="AST\Header\ASTClass.h">
      <Filter>头文件</Filter>
    </ClInclude>
    <ClInclude Include="AST\Header\ASTFunction.h">
      <Filter>头文件</Filter>
    </ClInclude>
    <ClInclude Include="Header\Haze.h">
      <Filter>头文件</Filter>
    </ClInclude>
    <ClInclude Include="HazeLog\Header\HazeLog.h">
      <Filter>头文件</Filter>
    </ClInclude>
    <ClInclude Include="VM\Header\HazeStack.h">
      <Filter>头文件</Filter>
    </ClInclude>
    <ClInclude Include="VM\Header\HazeVM.h">
      <Filter>头文件</Filter>
    </ClInclude>
    <ClInclude Include="Compiler\Header\HazeCompiler.h">
      <Filter>头文件</Filter>
    </ClInclude>
    <ClInclude Include="Compiler\Header\HazeCompilerValue.h">
      <Filter>头文件</Filter>
    </ClInclude>
    <ClInclude Include="Compiler\Header\HazeCompilerModule.h">
      <Filter>头文件</Filter>
    </ClInclude>
    <ClInclude Include="Compiler\Header\HazeCompilerFunction.h">
      <Filter>头文件</Filter>
    </ClInclude>
    <ClInclude Include="Compiler\Header\HazeCompilerClass.h">
      <Filter>头文件</Filter>
    </ClInclude>
    <ClInclude Include="Compiler\Header\HazeCompilerHelper.h">
      <Filter>头文件</Filter>
    </ClInclude>
    <ClInclude Include="Compiler\Header\HazeBaseBlock.h">
      <Filter>头文件</Filter>
    </ClInclude>
    <ClInclude Include="Backend\Header\BackendParse.h">
      <Filter>头文件</Filter>
    </ClInclude>
    <ClInclude Include="Backend\Header\ModuleUnit.h">
      <Filter>头文件</Filter>
    </ClInclude>
    <ClInclude Include="Define\Header\HazeStrcut.h">
      <Filter>头文件</Filter>
    </ClInclude>
    <ClInclude Include="Define\Header\HazeDefine.h">
      <Filter>头文件</Filter>
    </ClInclude>
    <ClInclude Include="Header\HazeHeaderDefine.h">
      <Filter>头文件</Filter>
    </ClInclude>
    <ClInclude Include="Define\Header\HazeToken.h">
      <Filter>头文件</Filter>
    </ClInclude>
    <ClInclude Include="Define\Header\HazeValue.h">
      <Filter>头文件</Filter>
    </ClInclude>
    <ClInclude Include="Define\Header\HazeFile.h">
      <Filter>头文件</Filter>
    </ClInclude>
    <ClInclude Include="Define\Header\HazeInstruction.h">
      <Filter>头文件</Filter>
    </ClInclude>
    <ClInclude Include="AST\Header\ASTStandardLibrary.h">
      <Filter>头文件</Filter>
    </ClInclude>
    <ClInclude Include="StandardLibrary\Header\HazeStream.h">
      <Filter>头文件</Filter>
    </ClInclude>
    <ClInclude Include="StandardLibrary\Header\HazeStandardLibraryBase.h">
      <Filter>头文件</Filter>
    </ClInclude>
    <ClInclude Include="Memory\Header\MemoryPool.h">
      <Filter>头文件</Filter>
    </ClInclude>
    <ClInclude Include="Memory\Header\MemoryBucket.h">
      <Filter>头文件</Filter>
    </ClInclude>
    <ClInclude Include="Compiler\Header\HazeCompilerClassValue.h">
      <Filter>头文件</Filter>
    </ClInclude>
    <ClInclude Include="Compiler\Header\HazeCompilerPointerValue.h">
      <Filter>头文件</Filter>
    </ClInclude>
    <ClInclude Include="Define\Header\HazeDebug.h">
      <Filter>头文件</Filter>
    </ClInclude>
    <ClInclude Include="Define\Header\HazeUtility.h">
      <Filter>头文件</Filter>
    </ClInclude>
    <ClInclude Include="Define\Header\HazeCompare.h">
      <Filter>头文件</Filter>
    </ClInclude>
    <ClInclude Include="MetaData\Header\HazeClass.h">
      <Filter>头文件</Filter>
    </ClInclude>
    <ClInclude Include="MetaData\Header\HazeFunction.h">
      <Filter>头文件</Filter>
    </ClInclude>
    <ClInclude Include="MetaData\Header\HazeModule.h">
      <Filter>头文件</Filter>
    </ClInclude>
    <ClInclude Include="MetaData\Header\HazeVariable.h">
      <Filter>头文件</Filter>
    </ClInclude>
    <ClInclude Include="Compiler\Header\HazeCompilerArrayValue.h">
      <Filter>头文件</Filter>
    </ClInclude>
    <ClInclude Include="Compiler\Header\HazeCompilerInitListValue.h">
      <Filter>头文件</Filter>
    </ClInclude>
    <ClInclude Include="Compiler\Header\HazeCompilerPointerPointerValue.h">
      <Filter>头文件</Filter>
    </ClInclude>
    <ClInclude Include="Compiler\Header\HazeCompilerRefValue.h">
      <Filter>头文件</Filter>
    </ClInclude>
    <ClInclude Include="Memory\Header\MemoryFreeList.h">
      <Filter>头文件</Filter>
    </ClInclude>
    <ClInclude Include="Memory\Header\GarbageCollection.h">
      <Filter>头文件</Filter>
    </ClInclude>
    <ClInclude Include="Memory\Header\MemoryPage.h">
      <Filter>头文件</Filter>
    </ClInclude>
    <ClInclude Include="Memory\Header\MemoryBlock.h">
      <Filter>头文件</Filter>
    </ClInclude>
    <ClInclude Include="Memory\Header\HazeMemory.h">
      <Filter>头文件</Filter>
    </ClInclude>
    <ClInclude Include="Memory\Header\Memory.h">
      <Filter>头文件</Filter>
    </ClInclude>
    <ClInclude Include="Memory\Header\MemoryHelper.h">
      <Filter>头文件</Filter>
    </ClInclude>
    <ClInclude Include="Compiler\Header\HazeCompilerPointerFunction.h">
      <Filter>头文件</Filter>
    </ClInclude>
    <ClInclude Include="Header\HazeFilePathHelper.h">
      <Filter>头文件</Filter>
    </ClInclude>
  </ItemGroup>
  <ItemGroup>
    <None Include="Define\Header\HazeTemplate.inl">
      <Filter>头文件</Filter>
    </None>
  </ItemGroup>
</Project>